
Microsoft Visual Studio Solution File, Format Version 12.00
# Visual Studio Version 17
VisualStudioVersion = 17.14.36109.1 d17.14
MinimumVisualStudioVersion = 10.0.40219.1
Project("{00D1A9C2-B5F0-4AF3-8072-F6C62B433612}") = "AdventureWorksOLTP", "AdventureWorksOLTP\AdventureWorksOLTP.sqlproj", "{96E64A91-9A02-43FF-93B8-53949426BBB8}"
EndProject
Global
	GlobalSection(SolutionConfigurationPlatforms) = preSolution
		Debug|Any CPU = Debug|Any CPU
		Release|Any CPU = Release|Any CPU
	EndGlobalSection
	GlobalSection(ProjectConfigurationPlatforms) = postSolution
		{96E64A91-9A02-43FF-93B8-53949426BBB8}.Debug|Any CPU.ActiveCfg = Debug|Any CPU
		{96E64A91-9A02-43FF-93B8-53949426BBB8}.Debug|Any CPU.Build.0 = Debug|Any CPU
		{96E64A91-9A02-43FF-93B8-53949426BBB8}.Debug|Any CPU.Deploy.0 = Debug|Any CPU
		{96E64A91-9A02-43FF-93B8-53949426BBB8}.Release|Any CPU.ActiveCfg = Release|Any CPU
		{96E64A91-9A02-43FF-93B8-53949426BBB8}.Release|Any CPU.Build.0 = Release|Any CPU
		{96E64A91-9A02-43FF-93B8-53949426BBB8}.Release|Any CPU.Deploy.0 = Release|Any CPU
	EndGlobalSection
	GlobalSection(SolutionProperties) = preSolution
		HideSolutionNode = FALSE
	EndGlobalSection
	GlobalSection(ExtensibilityGlobals) = postSolution
		SolutionGuid = {EC2552D8-5393-48B5-A2CF-667DE03F2136}
	EndGlobalSection
EndGlobal
